{
  "requires": true,
  "lockfileVersion": 1,
  "dependencies": {
    "@datastructures-js/binary-search-tree": {
      "version": "4.3.0",
      "resolved": "https://registry.npmjs.org/@datastructures-js/binary-search-tree/-/binary-search-tree-4.3.0.tgz",
      "integrity": "sha512-6lRpNEMIRlD07uLBv8jlSpNNiHDR/09CtyIuEer8Wlw9NaA3CXAAY/b3GhfjjiJI096bQdrV57jCEqESmbWPhQ=="
    },
    "@datastructures-js/graph": {
      "version": "5.1.1",
      "resolved": "https://registry.npmjs.org/@datastructures-js/graph/-/graph-5.1.1.tgz",
      "integrity": "sha512-sy3pTMEORBhxbdwTMqnlImbndnxmIXBOgJd9kUugYcKGiljskGLANy6ByMCodq/zIGVNDgD/FZDNZ6hmdafISw==",
      "requires": {
        "@datastructures-js/queue": "^3.1.3"
      },
      "dependencies": {
        "@datastructures-js/queue": {
          "version": "3.1.4",
          "resolved": "https://registry.npmjs.org/@datastructures-js/queue/-/queue-3.1.4.tgz",
          "integrity": "sha512-8QqkdAJQDDd25OBX28lKj7HXD+Cxs6Ee0ogJkZUjD5R1fAvRAWsrCeKop0szqANYjMwdQQd75vyc3Cm8qNJH+Q=="
        }
      }
    },
    "@datastructures-js/heap": {
      "version": "3.2.0",
      "resolved": "https://registry.npmjs.org/@datastructures-js/heap/-/heap-3.2.0.tgz",
      "integrity": "sha512-FcU5ZAyb+VIOZz1HABsJUsbJi2ZyUDO7aoe97hq4d3tK3z8nMgwdxf5bO0gafR0ExFi18YTspntqHLzt4XOgnA=="
    },
    "@datastructures-js/linked-list": {
      "version": "5.1.1",
      "resolved": "https://registry.npmjs.org/@datastructures-js/linked-list/-/linked-list-5.1.1.tgz",
      "integrity": "sha512-fj5vOozZX5Sw+Z7dJcicvQxMbWTuOizZ+dW+pMcYWMMgMiLERzJ3Zv6Tdn+VStej9ax6tq7LIQxKGiZyXMvWmg==",
      "requires": {
        "@datastructures-js/binary-search-tree": "^4.1.0"
      }
    },
    "@datastructures-js/priority-queue": {
      "version": "5.2.0",
      "resolved": "https://registry.npmjs.org/@datastructures-js/priority-queue/-/priority-queue-5.2.0.tgz",
      "integrity": "sha512-BSsk5kPhGUP7XsE18Yzb8pTVXOWWlumk2L9noU1Iv9rRJrxpi1l4co7vHvzfv+JPkkMpFGPCEIFJCo9R93BArw==",
      "requires": {
        "@datastructures-js/heap": "^3.2.0"
      }
    },
    "@datastructures-js/queue": {
      "version": "4.1.3",
      "resolved": "https://registry.npmjs.org/@datastructures-js/queue/-/queue-4.1.3.tgz",
      "integrity": "sha512-vvtwLDJ+R53i+vXr7llIXm2cLI0LzaN9edeJ7sEzti4TQUj/3Bpgp1mJKhWA8CWpW09sysvASab0kPP2cEbjNg=="
    },
    "@datastructures-js/set": {
      "version": "4.1.1",
      "resolved": "https://registry.npmjs.org/@datastructures-js/set/-/set-4.1.1.tgz",
      "integrity": "sha512-++5tT32/hlbDyv0mgj4PQsgUG8TALtz6OnCMEbk1/dS1cFl3VUeye1Dx4af5L55UzGfCp1yknQjvRjtIkgzW2w=="
    },
    "@datastructures-js/stack": {
      "version": "3.1.2",
      "resolved": "https://registry.npmjs.org/@datastructures-js/stack/-/stack-3.1.2.tgz",
      "integrity": "sha512-lrLR7wMROZ5ad4iXoX0JktyNTg3cQTjVTlqLiqKzVNipXsyPrlUjPtUsOVLpzHPzQ3IgtDvbejrFpINLiB35vw=="
    },
    "@datastructures-js/trie": {
      "version": "4.1.1",
      "resolved": "https://registry.npmjs.org/@datastructures-js/trie/-/trie-4.1.1.tgz",
      "integrity": "sha512-S1G9k3GGZNRfLETNT/uUuGcMjkFbFLSNJwalacXs96UNwmnCJTJ0EYpLJH/TNMvDSVbmlntYgXgZXrM66V2q7w=="
    },
    "datastructures-js": {
      "version": "10.1.1",
      "resolved": "https://registry.npmjs.org/datastructures-js/-/datastructures-js-10.1.1.tgz",
      "integrity": "sha512-TVfNYZxkxr9Y/YTluua7EcgVWpo97IzNpCy6C30kVJ659ha5C/4GcYZm7Iak4CWMVh+Eh2tJ75Tvrn3Us2ui4A==",
      "requires": {
        "@datastructures-js/binary-search-tree": "^4.2.2",
        "@datastructures-js/graph": "^5.1.1",
        "@datastructures-js/heap": "^3.1.1",
        "@datastructures-js/linked-list": "^5.1.1",
        "@datastructures-js/priority-queue": "^5.1.1",
        "@datastructures-js/queue": "^4.1.3",
        "@datastructures-js/set": "^4.1.1",
        "@datastructures-js/stack": "^3.1.2",
        "@datastructures-js/trie": "^4.1.1"
      }
    },
    "linked-list": {
      "version": "3.0.1",
      "resolved": "https://registry.npmjs.org/linked-list/-/linked-list-3.0.1.tgz",
      "integrity": "sha512-SZQtR4X1ytETq5AUUHmB0b4HuekzdfowzWXCBrd1GUPzeUx3zAdDE4j+M/IEFKaazkfOSBRcPzl7dFA9EZtmHA=="
    },
    "title-case": {
      "version": "3.0.3",
      "resolved": "https://registry.npmjs.org/title-case/-/title-case-3.0.3.tgz",
      "integrity": "sha512-e1zGYRvbffpcHIrnuqT0Dh+gEJtDaxDSoG4JAIpq4oDFyooziLBIiYQv0GBT4FUAnUop5uZ1hiIAj7oAF6sOCA==",
      "requires": {
        "tslib": "^2.0.3"
      }
    },
    "tslib": {
      "version": "2.3.1",
      "resolved": "https://registry.npmjs.org/tslib/-/tslib-2.3.1.tgz",
      "integrity": "sha512-77EbyPPpMz+FRFRuAFlWMtmgUWGe9UOG2Z25NqCwiIjRhOf5iKGuzSe5P2w1laq+FkRy4p+PCuVkJSGkzTEKVw=="
    },
    "uuid": {
      "version": "8.3.2",
      "resolved": "https://registry.npmjs.org/uuid/-/uuid-8.3.2.tgz",
      "integrity": "sha512-+NYs2QeMWy+GWFOEm9xnn6HCDp0l7QBD7ml8zLUmJ+93Q5NF0NocErnwkTkXVFNiX3/fpC6afS8Dhb/gz7R7eg=="
    }
  }
}
